
Microsoft Visual Studio Solution File, Format Version 12.00
# Visual Studio Version 17
VisualStudioVersion = 17.8.34330.188
MinimumVisualStudioVersion = 10.0.40219.1
Project("{FAE04EC0-301F-11D3-BF4B-00C04F79EFBC}") = "Ploomes.API", "Ploomes.API\Ploomes.API.csproj", "{DA582F94-231B-434F-A227-44808780CA0C}"
EndProject
Global
	GlobalSection(SolutionConfigurationPlatforms) = preSolution
		Debug|Any CPU = Debug|Any CPU
		Release|Any CPU = Release|Any CPU
	EndGlobalSection
	GlobalSection(ProjectConfigurationPlatforms) = postSolution
		{DA582F94-231B-434F-A227-44808780CA0C}.Debug|Any CPU.ActiveCfg = Debug|Any CPU
		{DA582F94-231B-434F-A227-44808780CA0C}.Debug|Any CPU.Build.0 = Debug|Any CPU
		{DA582F94-231B-434F-A227-44808780CA0C}.Release|Any CPU.ActiveCfg = Release|Any CPU
		{DA582F94-231B-434F-A227-44808780CA0C}.Release|Any CPU.Build.0 = Release|Any CPU
	EndGlobalSection
	GlobalSection(SolutionProperties) = preSolution
		HideSolutionNode = FALSE
	EndGlobalSection
	GlobalSection(ExtensibilityGlobals) = postSolution
		SolutionGuid = {CF576488-D7AF-441B-BC88-755904561995}
	EndGlobalSection
EndGlobal
